// !$*UTF8*$!
{
	archiveVersion = 1;
	classes = {
	};
	objectVersion = 50;
	objects = {

/* Begin PBXBuildFile section */
		ADD5A8232456F8ED006D75A6 /* AppDelegate.swift in Sources */ = {isa = PBXBuildFile; fileRef = ADD5A8222456F8ED006D75A6 /* AppDelegate.swift */; };
		ADD5A8252456F8ED006D75A6 /* SceneDelegate.swift in Sources */ = {isa = PBXBuildFile; fileRef = ADD5A8242456F8ED006D75A6 /* SceneDelegate.swift */; };
		ADD5A8272456F8ED006D75A6 /* ContentView.swift in Sources */ = {isa = PBXBuildFile; fileRef = ADD5A8262456F8ED006D75A6 /* ContentView.swift */; };
		ADD5A8292456F8F0006D75A6 /* Assets.xcassets in Resources */ = {isa = PBXBuildFile; fileRef = ADD5A8282456F8F0006D75A6 /* Assets.xcassets */; };
		ADD5A82C2456F8F0006D75A6 /* Preview Assets.xcassets in Resources */ = {isa = PBXBuildFile; fileRef = ADD5A82B2456F8F0006D75A6 /* Preview Assets.xcassets */; };
		ADD5A82F2456F8F0006D75A6 /* LaunchScreen.storyboard in Resources */ = {isa = PBXBuildFile; fileRef = ADD5A82D2456F8F0006D75A6 /* LaunchScreen.storyboard */; };
		ADD5A83A2456F8F0006D75A6 /* PureDataTests.swift in Sources */ = {isa = PBXBuildFile; fileRef = ADD5A8392456F8F0006D75A6 /* PureDataTests.swift */; };
		ADD5A8452456F8F0006D75A6 /* PureDataUITests.swift in Sources */ = {isa = PBXBuildFile; fileRef = ADD5A8442456F8F0006D75A6 /* PureDataUITests.swift */; };
/* End PBXBuildFile section */

/* Begin PBXContainerItemProxy section */
		ADD5A8362456F8F0006D75A6 /* PBXContainerItemProxy */ = {
			isa = PBXContainerItemProxy;
			containerPortal = ADD5A8172456F8ED006D75A6 /* Project object */;
			proxyType = 1;
			remoteGlobalIDString = ADD5A81E2456F8ED006D75A6;
			remoteInfo = PureData;
		};
		ADD5A8412456F8F0006D75A6 /* PBXContainerItemProxy */ = {
			isa = PBXContainerItemProxy;
			containerPortal = ADD5A8172456F8ED006D75A6 /* Project object */;
			proxyType = 1;
			remoteGlobalIDString = ADD5A81E2456F8ED006D75A6;
			remoteInfo = PureData;
		};
/* End PBXContainerItemProxy section */

/* Begin PBXFileReference section */
		ADD5A81F2456F8ED006D75A6 /* PureData.app */ = {isa = PBXFileReference; explicitFileType = wrapper.application; includeInIndex = 0; path = PureData.app; sourceTree = BUILT_PRODUCTS_DIR; };
		ADD5A8222456F8ED006D75A6 /* AppDelegate.swift */ = {isa = PBXFileReference; lastKnownFileType = sourcecode.swift; path = AppDelegate.swift; sourceTree = "<group>"; };
		ADD5A8242456F8ED006D75A6 /* SceneDelegate.swift */ = {isa = PBXFileReference; lastKnownFileType = sourcecode.swift; path = SceneDelegate.swift; sourceTree = "<group>"; };
		ADD5A8262456F8ED006D75A6 /* ContentView.swift */ = {isa = PBXFileReference; lastKnownFileType = sourcecode.swift; path = ContentView.swift; sourceTree = "<group>"; };
		ADD5A8282456F8F0006D75A6 /* Assets.xcassets */ = {isa = PBXFileReference; lastKnownFileType = folder.assetcatalog; path = Assets.xcassets; sourceTree = "<group>"; };
		ADD5A82B2456F8F0006D75A6 /* Preview Assets.xcassets */ = {isa = PBXFileReference; lastKnownFileType = folder.assetcatalog; path = "Preview Assets.xcassets"; sourceTree = "<group>"; };
		ADD5A82E2456F8F0006D75A6 /* Base */ = {isa = PBXFileReference; lastKnownFileType = file.storyboard; name = Base; path = Base.lproj/LaunchScreen.storyboard; sourceTree = "<group>"; };
		ADD5A8302456F8F0006D75A6 /* Info.plist */ = {isa = PBXFileReference; lastKnownFileType = text.plist.xml; path = Info.plist; sourceTree = "<group>"; };
		ADD5A8352456F8F0006D75A6 /* PureDataTests.xctest */ = {isa = PBXFileReference; explicitFileType = wrapper.cfbundle; includeInIndex = 0; path = PureDataTests.xctest; sourceTree = BUILT_PRODUCTS_DIR; };
		ADD5A8392456F8F0006D75A6 /* PureDataTests.swift */ = {isa = PBXFileReference; lastKnownFileType = sourcecode.swift; path = PureDataTests.swift; sourceTree = "<group>"; };
		ADD5A83B2456F8F0006D75A6 /* Info.plist */ = {isa = PBXFileReference; lastKnownFileType = text.plist.xml; path = Info.plist; sourceTree = "<group>"; };
		ADD5A8402456F8F0006D75A6 /* PureDataUITests.xctest */ = {isa = PBXFileReference; explicitFileType = wrapper.cfbundle; includeInIndex = 0; path = PureDataUITests.xctest; sourceTree = BUILT_PRODUCTS_DIR; };
		ADD5A8442456F8F0006D75A6 /* PureDataUITests.swift */ = {isa = PBXFileReference; lastKnownFileType = sourcecode.swift; path = PureDataUITests.swift; sourceTree = "<group>"; };
		ADD5A8462456F8F0006D75A6 /* Info.plist */ = {isa = PBXFileReference; lastKnownFileType = text.plist.xml; path = Info.plist; sourceTree = "<group>"; };
/* End PBXFileReference section */

/* Begin PBXFrameworksBuildPhase section */
		ADD5A81C2456F8ED006D75A6 /* Frameworks */ = {
			isa = PBXFrameworksBuildPhase;
			buildActionMask = 2147483647;
			files = (
			);
			runOnlyForDeploymentPostprocessing = 0;
		};
		ADD5A8322456F8F0006D75A6 /* Frameworks */ = {
			isa = PBXFrameworksBuildPhase;
			buildActionMask = 2147483647;
			files = (
			);
			runOnlyForDeploymentPostprocessing = 0;
		};
		ADD5A83D2456F8F0006D75A6 /* Frameworks */ = {
			isa = PBXFrameworksBuildPhase;
			buildActionMask = 2147483647;
			files = (
			);
			runOnlyForDeploymentPostprocessing = 0;
		};
/* End PBXFrameworksBuildPhase section */

/* Begin PBXGroup section */
		ADD5A8162456F8ED006D75A6 = {
			isa = PBXGroup;
			children = (
				ADD5A8212456F8ED006D75A6 /* PureData */,
				ADD5A8382456F8F0006D75A6 /* PureDataTests */,
				ADD5A8432456F8F0006D75A6 /* PureDataUITests */,
				ADD5A8202456F8ED006D75A6 /* Products */,
			);
			sourceTree = "<group>";
		};
		ADD5A8202456F8ED006D75A6 /* Products */ = {
			isa = PBXGroup;
			children = (
				ADD5A81F2456F8ED006D75A6 /* PureData.app */,
				ADD5A8352456F8F0006D75A6 /* PureDataTests.xctest */,
				ADD5A8402456F8F0006D75A6 /* PureDataUITests.xctest */,
			);
			name = Products;
			sourceTree = "<group>";
		};
		ADD5A8212456F8ED006D75A6 /* PureData */ = {
			isa = PBXGroup;
			children = (
				ADD5A8222456F8ED006D75A6 /* AppDelegate.swift */,
				ADD5A8242456F8ED006D75A6 /* SceneDelegate.swift */,
				ADD5A8262456F8ED006D75A6 /* ContentView.swift */,
				ADD5A8282456F8F0006D75A6 /* Assets.xcassets */,
				ADD5A82D2456F8F0006D75A6 /* LaunchScreen.storyboard */,
				ADD5A8302456F8F0006D75A6 /* Info.plist */,
				ADD5A82A2456F8F0006D75A6 /* Preview Content */,
			);
			path = PureData;
			sourceTree = "<group>";
		};
		ADD5A82A2456F8F0006D75A6 /* Preview Content */ = {
			isa = PBXGroup;
			children = (
				ADD5A82B2456F8F0006D75A6 /* Preview Assets.xcassets */,
			);
			path = "Preview Content";
			sourceTree = "<group>";
		};
		ADD5A8382456F8F0006D75A6 /* PureDataTests */ = {
			isa = PBXGroup;
			children = (
				ADD5A8392456F8F0006D75A6 /* PureDataTests.swift */,
				ADD5A83B2456F8F0006D75A6 /* Info.plist */,
			);
			path = PureDataTests;
			sourceTree = "<group>";
		};
		ADD5A8432456F8F0006D75A6 /* PureDataUITests */ = {
			isa = PBXGroup;
			children = (
				ADD5A8442456F8F0006D75A6 /* PureDataUITests.swift */,
				ADD5A8462456F8F0006D75A6 /* Info.plist */,
			);
			path = PureDataUITests;
			sourceTree = "<group>";
		};
/* End PBXGroup section */

/* Begin PBXNativeTarget section */
		ADD5A81E2456F8ED006D75A6 /* PureData */ = {
			isa = PBXNativeTarget;
			buildConfigurationList = ADD5A8492456F8F0006D75A6 /* Build configuration list for PBXNativeTarget "PureData" */;
			buildPhases = (
				ADD5A81B2456F8ED006D75A6 /* Sources */,
				ADD5A81C2456F8ED006D75A6 /* Frameworks */,
				ADD5A81D2456F8ED006D75A6 /* Resources */,
			);
			buildRules = (
			);
			dependencies = (
			);
			name = PureData;
			productName = PureData;
			productReference = ADD5A81F2456F8ED006D75A6 /* PureData.app */;
			productType = "com.apple.product-type.application";
		};
		ADD5A8342456F8F0006D75A6 /* PureDataTests */ = {
			isa = PBXNativeTarget;
			buildConfigurationList = ADD5A84C2456F8F0006D75A6 /* Build configuration list for PBXNativeTarget "PureDataTests" */;
			buildPhases = (
				ADD5A8312456F8F0006D75A6 /* Sources */,
				ADD5A8322456F8F0006D75A6 /* Frameworks */,
				ADD5A8332456F8F0006D75A6 /* Resources */,
			);
			buildRules = (
			);
			dependencies = (
				ADD5A8372456F8F0006D75A6 /* PBXTargetDependency */,
			);
			name = PureDataTests;
			productName = PureDataTests;
			productReference = ADD5A8352456F8F0006D75A6 /* PureDataTests.xctest */;
			productType = "com.apple.product-type.bundle.unit-test";
		};
		ADD5A83F2456F8F0006D75A6 /* PureDataUITests */ = {
			isa = PBXNativeTarget;
			buildConfigurationList = ADD5A84F2456F8F0006D75A6 /* Build configuration list for PBXNativeTarget "PureDataUITests" */;
			buildPhases = (
				ADD5A83C2456F8F0006D75A6 /* Sources */,
				ADD5A83D2456F8F0006D75A6 /* Frameworks */,
				ADD5A83E2456F8F0006D75A6 /* Resources */,
			);
			buildRules = (
			);
			dependencies = (
				ADD5A8422456F8F0006D75A6 /* PBXTargetDependency */,
			);
			name = PureDataUITests;
			productName = PureDataUITests;
			productReference = ADD5A8402456F8F0006D75A6 /* PureDataUITests.xctest */;
			productType = "com.apple.product-type.bundle.ui-testing";
		};
/* End PBXNativeTarget section */

/* Begin PBXProject section */
		ADD5A8172456F8ED006D75A6 /* Project object */ = {
			isa = PBXProject;
			attributes = {
				LastSwiftUpdateCheck = 1130;
				LastUpgradeCheck = 1130;
				ORGANIZATIONNAME = Demian;
				TargetAttributes = {
					ADD5A81E2456F8ED006D75A6 = {
						CreatedOnToolsVersion = 11.3.1;
					};
					ADD5A8342456F8F0006D75A6 = {
						CreatedOnToolsVersion = 11.3.1;
						TestTargetID = ADD5A81E2456F8ED006D75A6;
					};
					ADD5A83F2456F8F0006D75A6 = {
						CreatedOnToolsVersion = 11.3.1;
						TestTargetID = ADD5A81E2456F8ED006D75A6;
					};
				};
			};
			buildConfigurationList = ADD5A81A2456F8ED006D75A6 /* Build configuration list for PBXProject "PureData" */;
			compatibilityVersion = "Xcode 9.3";
			developmentRegion = en;
			hasScannedForEncodings = 0;
			knownRegions = (
				en,
				Base,
			);
			mainGroup = ADD5A8162456F8ED006D75A6;
			productRefGroup = ADD5A8202456F8ED006D75A6 /* Products */;
			projectDirPath = "";
			projectRoot = "";
			targets = (
				ADD5A81E2456F8ED006D75A6 /* PureData */,
				ADD5A8342456F8F0006D75A6 /* PureDataTests */,
				ADD5A83F2456F8F0006D75A6 /* PureDataUITests */,
			);
		};
/* End PBXProject section */

/* Begin PBXResourcesBuildPhase section */
		ADD5A81D2456F8ED006D75A6 /* Resources */ = {
			isa = PBXResourcesBuildPhase;
			buildActionMask = 2147483647;
			files = (
				ADD5A82F2456F8F0006D75A6 /* LaunchScreen.storyboard in Resources */,
				ADD5A82C2456F8F0006D75A6 /* Preview Assets.xcassets in Resources */,
				ADD5A8292456F8F0006D75A6 /* Assets.xcassets in Resources */,
			);
			runOnlyForDeploymentPostprocessing = 0;
		};
		ADD5A8332456F8F0006D75A6 /* Resources */ = {
			isa = PBXResourcesBuildPhase;
			buildActionMask = 2147483647;
			files = (
			);
			runOnlyForDeploymentPostprocessing = 0;
		};
		ADD5A83E2456F8F0006D75A6 /* Resources */ = {
			isa = PBXResourcesBuildPhase;
			buildActionMask = 2147483647;
			files = (
			);
			runOnlyForDeploymentPostprocessing = 0;
		};
/* End PBXResourcesBuildPhase section */

/* Begin PBXSourcesBuildPhase section */
		ADD5A81B2456F8ED006D75A6 /* Sources */ = {
			isa = PBXSourcesBuildPhase;
			buildActionMask = 2147483647;
			files = (
				ADD5A8232456F8ED006D75A6 /* AppDelegate.swift in Sources */,
				ADD5A8252456F8ED006D75A6 /* SceneDelegate.swift in Sources */,
				ADD5A8272456F8ED006D75A6 /* ContentView.swift in Sources */,
			);
			runOnlyForDeploymentPostprocessing = 0;
		};
		ADD5A8312456F8F0006D75A6 /* Sources */ = {
			isa = PBXSourcesBuildPhase;
			buildActionMask = 2147483647;
			files = (
				ADD5A83A2456F8F0006D75A6 /* PureDataTests.swift in Sources */,
			);
			runOnlyForDeploymentPostprocessing = 0;
		};
		ADD5A83C2456F8F0006D75A6 /* Sources */ = {
			isa = PBXSourcesBuildPhase;
			buildActionMask = 2147483647;
			files = (
				ADD5A8452456F8F0006D75A6 /* PureDataUITests.swift in Sources */,
			);
			runOnlyForDeploymentPostprocessing = 0;
		};
/* End PBXSourcesBuildPhase section */

/* Begin PBXTargetDependency section */
		ADD5A8372456F8F0006D75A6 /* PBXTargetDependency */ = {
			isa = PBXTargetDependency;
			target = ADD5A81E2456F8ED006D75A6 /* PureData */;
			targetProxy = ADD5A8362456F8F0006D75A6 /* PBXContainerItemProxy */;
		};
		ADD5A8422456F8F0006D75A6 /* PBXTargetDependency */ = {
			isa = PBXTargetDependency;
			target = ADD5A81E2456F8ED006D75A6 /* PureData */;
			targetProxy = ADD5A8412456F8F0006D75A6 /* PBXContainerItemProxy */;
		};
/* End PBXTargetDependency section */

/* Begin PBXVariantGroup section */
		ADD5A82D2456F8F0006D75A6 /* LaunchScreen.storyboard */ = {
			isa = PBXVariantGroup;
			children = (
				ADD5A82E2456F8F0006D75A6 /* Base */,
			);
			name = LaunchScreen.storyboard;
			sourceTree = "<group>";
		};
/* End PBXVariantGroup section */

/* Begin XCBuildConfiguration section */
		ADD5A8472456F8F0006D75A6 /* Debug */ = {
			isa = XCBuildConfiguration;
			buildSettings = {
				ALWAYS_SEARCH_USER_PATHS = NO;
				CLANG_ANALYZER_NONNULL = YES;
				CLANG_ANALYZER_NUMBER_OBJECT_CONVERSION = YES_AGGRESSIVE;
				CLANG_CXX_LANGUAGE_STANDARD = "gnu++14";
				CLANG_CXX_LIBRARY = "libc++";
				CLANG_ENABLE_MODULES = YES;
				CLANG_ENABLE_OBJC_ARC = YES;
				CLANG_ENABLE_OBJC_WEAK = YES;
				CLANG_WARN_BLOCK_CAPTURE_AUTORELEASING = YES;
				CLANG_WARN_BOOL_CONVERSION = YES;
				CLANG_WARN_COMMA = YES;
				CLANG_WARN_CONSTANT_CONVERSION = YES;
				CLANG_WARN_DEPRECATED_OBJC_IMPLEMENTATIONS = YES;
				CLANG_WARN_DIRECT_OBJC_ISA_USAGE = YES_ERROR;
				CLANG_WARN_DOCUMENTATION_COMMENTS = YES;
				CLANG_WARN_EMPTY_BODY = YES;
				CLANG_WARN_ENUM_CONVERSION = YES;
				CLANG_WARN_INFINITE_RECURSION = YES;
				CLANG_WARN_INT_CONVERSION = YES;
				CLANG_WARN_NON_LITERAL_NULL_CONVERSION = YES;
				CLANG_WARN_OBJC_IMPLICIT_RETAIN_SELF = YES;
				CLANG_WARN_OBJC_LITERAL_CONVERSION = YES;
				CLANG_WARN_OBJC_ROOT_CLASS = YES_ERROR;
				CLANG_WARN_RANGE_LOOP_ANALYSIS = YES;
				CLANG_WARN_STRICT_PROTOTYPES = YES;
				CLANG_WARN_SUSPICIOUS_MOVE = YES;
				CLANG_WARN_UNGUARDED_AVAILABILITY = YES_AGGRESSIVE;
				CLANG_WARN_UNREACHABLE_CODE = YES;
				CLANG_WARN__DUPLICATE_METHOD_MATCH = YES;
				COPY_PHASE_STRIP = NO;
				DEBUG_INFORMATION_FORMAT = dwarf;
				ENABLE_STRICT_OBJC_MSGSEND = YES;
				ENABLE_TESTABILITY = YES;
				GCC_C_LANGUAGE_STANDARD = gnu11;
				GCC_DYNAMIC_NO_PIC = NO;
				GCC_NO_COMMON_BLOCKS = YES;
				GCC_OPTIMIZATION_LEVEL = 0;
				GCC_PREPROCESSOR_DEFINITIONS = (
					"DEBUG=1",
					"$(inherited)",
				);
				GCC_WARN_64_TO_32_BIT_CONVERSION = YES;
				GCC_WARN_ABOUT_RETURN_TYPE = YES_ERROR;
				GCC_WARN_UNDECLARED_SELECTOR = YES;
				GCC_WARN_UNINITIALIZED_AUTOS = YES_AGGRESSIVE;
				GCC_WARN_UNUSED_FUNCTION = YES;
				GCC_WARN_UNUSED_VARIABLE = YES;
				IPHONEOS_DEPLOYMENT_TARGET = 13.2;
				MTL_ENABLE_DEBUG_INFO = INCLUDE_SOURCE;
				MTL_FAST_MATH = YES;
				ONLY_ACTIVE_ARCH = YES;
				SDKROOT = iphoneos;
				SWIFT_ACTIVE_COMPILATION_CONDITIONS = DEBUG;
				SWIFT_OPTIMIZATION_LEVEL = "-Onone";
			};
			name = Debug;
		};
		ADD5A8482456F8F0006D75A6 /* Release */ = {
			isa = XCBuildConfiguration;
			buildSettings = {
				ALWAYS_SEARCH_USER_PATHS = NO;
				CLANG_ANALYZER_NONNULL = YES;
				CLANG_ANALYZER_NUMBER_OBJECT_CONVERSION = YES_AGGRESSIVE;
				CLANG_CXX_LANGUAGE_STANDARD = "gnu++14";
				CLANG_CXX_LIBRARY = "libc++";
				CLANG_ENABLE_MODULES = YES;
				CLANG_ENABLE_OBJC_ARC = YES;
				CLANG_ENABLE_OBJC_WEAK = YES;
				CLANG_WARN_BLOCK_CAPTURE_AUTORELEASING = YES;
				CLANG_WARN_BOOL_CONVERSION = YES;
				CLANG_WARN_COMMA = YES;
				CLANG_WARN_CONSTANT_CONVERSION = YES;
				CLANG_WARN_DEPRECATED_OBJC_IMPLEMENTATIONS = YES;
				CLANG_WARN_DIRECT_OBJC_ISA_USAGE = YES_ERROR;
				CLANG_WARN_DOCUMENTATION_COMMENTS = YES;
				CLANG_WARN_EMPTY_BODY = YES;
				CLANG_WARN_ENUM_CONVERSION = YES;
				CLANG_WARN_INFINITE_RECURSION = YES;
				CLANG_WARN_INT_CONVERSION = YES;
				CLANG_WARN_NON_LITERAL_NULL_CONVERSION = YES;
				CLANG_WARN_OBJC_IMPLICIT_RETAIN_SELF = YES;
				CLANG_WARN_OBJC_LITERAL_CONVERSION = YES;
				CLANG_WARN_OBJC_ROOT_CLASS = YES_ERROR;
				CLANG_WARN_RANGE_LOOP_ANALYSIS = YES;
				CLANG_WARN_STRICT_PROTOTYPES = YES;
				CLANG_WARN_SUSPICIOUS_MOVE = YES;
				CLANG_WARN_UNGUARDED_AVAILABILITY = YES_AGGRESSIVE;
				CLANG_WARN_UNREACHABLE_CODE = YES;
				CLANG_WARN__DUPLICATE_METHOD_MATCH = YES;
				COPY_PHASE_STRIP = NO;
				DEBUG_INFORMATION_FORMAT = "dwarf-with-dsym";
				ENABLE_NS_ASSERTIONS = NO;
				ENABLE_STRICT_OBJC_MSGSEND = YES;
				GCC_C_LANGUAGE_STANDARD = gnu11;
				GCC_NO_COMMON_BLOCKS = YES;
				GCC_WARN_64_TO_32_BIT_CONVERSION = YES;
				GCC_WARN_ABOUT_RETURN_TYPE = YES_ERROR;
				GCC_WARN_UNDECLARED_SELECTOR = YES;
				GCC_WARN_UNINITIALIZED_AUTOS = YES_AGGRESSIVE;
				GCC_WARN_UNUSED_FUNCTION = YES;
				GCC_WARN_UNUSED_VARIABLE = YES;
				IPHONEOS_DEPLOYMENT_TARGET = 13.2;
				MTL_ENABLE_DEBUG_INFO = NO;
				MTL_FAST_MATH = YES;
				SDKROOT = iphoneos;
				SWIFT_COMPILATION_MODE = wholemodule;
				SWIFT_OPTIMIZATION_LEVEL = "-O";
				VALIDATE_PRODUCT = YES;
			};
			name = Release;
		};
		ADD5A84A2456F8F0006D75A6 /* Debug */ = {
			isa = XCBuildConfiguration;
			buildSettings = {
				ASSETCATALOG_COMPILER_APPICON_NAME = AppIcon;
				CODE_SIGN_STYLE = Automatic;
				DEVELOPMENT_ASSET_PATHS = "\"PureData/Preview Content\"";
				DEVELOPMENT_TEAM = K45Y8D35T5;
				ENABLE_PREVIEWS = YES;
				INFOPLIST_FILE = PureData/Info.plist;
				LD_RUNPATH_SEARCH_PATHS = (
					"$(inherited)",
					"@executable_path/Frameworks",
				);
				PRODUCT_BUNDLE_IDENTIFIER = demianProduction.PureData;
				PRODUCT_NAME = "$(TARGET_NAME)";
				SWIFT_VERSION = 5.0;
				TARGETED_DEVICE_FAMILY = "1,2";
			};
			name = Debug;
		};
		ADD5A84B2456F8F0006D75A6 /* Release */ = {
			isa = XCBuildConfiguration;
			buildSettings = {
				ASSETCATALOG_COMPILER_APPICON_NAME = AppIcon;
				CODE_SIGN_STYLE = Automatic;
				DEVELOPMENT_ASSET_PATHS = "\"PureData/Preview Content\"";
				DEVELOPMENT_TEAM = K45Y8D35T5;
				ENABLE_PREVIEWS = YES;
				INFOPLIST_FILE = PureData/Info.plist;
				LD_RUNPATH_SEARCH_PATHS = (
					"$(inherited)",
					"@executable_path/Frameworks",
				);
				PRODUCT_BUNDLE_IDENTIFIER = demianProduction.PureData;
				PRODUCT_NAME = "$(TARGET_NAME)";
				SWIFT_VERSION = 5.0;
				TARGETED_DEVICE_FAMILY = "1,2";
			};
			name = Release;
		};
		ADD5A84D2456F8F0006D75A6 /* Debug */ = {
			isa = XCBuildConfiguration;
			buildSettings = {
				ALWAYS_EMBED_SWIFT_STANDARD_LIBRARIES = YES;
				BUNDLE_LOADER = "$(TEST_HOST)";
				CODE_SIGN_STYLE = Automatic;
				DEVELOPMENT_TEAM = K45Y8D35T5;
				INFOPLIST_FILE = PureDataTests/Info.plist;
				IPHONEOS_DEPLOYMENT_TARGET = 13.2;
				LD_RUNPATH_SEARCH_PATHS = (
					"$(inherited)",
					"@executable_path/Frameworks",
					"@loader_path/Frameworks",
				);
				PRODUCT_BUNDLE_IDENTIFIER = demianProduction.PureDataTests;
				PRODUCT_NAME = "$(TARGET_NAME)";
				SWIFT_VERSION = 5.0;
				TARGETED_DEVICE_FAMILY = "1,2";
				TEST_HOST = "$(BUILT_PRODUCTS_DIR)/PureData.app/PureData";
			};
			name = Debug;
		};
		ADD5A84E2456F8F0006D75A6 /* Release */ = {
			isa = XCBuildConfiguration;
			buildSettings = {
				ALWAYS_EMBED_SWIFT_STANDARD_LIBRARIES = YES;
				BUNDLE_LOADER = "$(TEST_HOST)";
				CODE_SIGN_STYLE = Automatic;
				DEVELOPMENT_TEAM = K45Y8D35T5;
				INFOPLIST_FILE = PureDataTests/Info.plist;
				IPHONEOS_DEPLOYMENT_TARGET = 13.2;
				LD_RUNPATH_SEARCH_PATHS = (
					"$(inherited)",
					"@executable_path/Frameworks",
					"@loader_path/Frameworks",
				);
				PRODUCT_BUNDLE_IDENTIFIER = demianProduction.PureDataTests;
				PRODUCT_NAME = "$(TARGET_NAME)";
				SWIFT_VERSION = 5.0;
				TARGETED_DEVICE_FAMILY = "1,2";
				TEST_HOST = "$(BUILT_PRODUCTS_DIR)/PureData.app/PureData";
			};
			name = Release;
		};
		ADD5A8502456F8F0006D75A6 /* Debug */ = {
			isa = XCBuildConfiguration;
			buildSettings = {
				ALWAYS_EMBED_SWIFT_STANDARD_LIBRARIES = YES;
				CODE_SIGN_STYLE = Automatic;
				DEVELOPMENT_TEAM = K45Y8D35T5;
				INFOPLIST_FILE = PureDataUITests/Info.plist;
				LD_RUNPATH_SEARCH_PATHS = (
					"$(inherited)",
					"@executable_path/Frameworks",
					"@loader_path/Frameworks",
				);
				PRODUCT_BUNDLE_IDENTIFIER = demianProduction.PureDataUITests;
				PRODUCT_NAME = "$(TARGET_NAME)";
				SWIFT_VERSION = 5.0;
				TARGETED_DEVICE_FAMILY = "1,2";
				TEST_TARGET_NAME = PureData;
			};
			name = Debug;
		};
		ADD5A8512456F8F0006D75A6 /* Release */ = {
			isa = XCBuildConfiguration;
			buildSettings = {
				ALWAYS_EMBED_SWIFT_STANDARD_LIBRARIES = YES;
				CODE_SIGN_STYLE = Automatic;
				DEVELOPMENT_TEAM = K45Y8D35T5;
				INFOPLIST_FILE = PureDataUITests/Info.plist;
				LD_RUNPATH_SEARCH_PATHS = (
					"$(inherited)",
					"@executable_path/Frameworks",
					"@loader_path/Frameworks",
				);
				PRODUCT_BUNDLE_IDENTIFIER = demianProduction.PureDataUITests;
				PRODUCT_NAME = "$(TARGET_NAME)";
				SWIFT_VERSION = 5.0;
				TARGETED_DEVICE_FAMILY = "1,2";
				TEST_TARGET_NAME = PureData;
			};
			name = Release;
		};
/* End XCBuildConfiguration section */

/* Begin XCConfigurationList section */
		ADD5A81A2456F8ED006D75A6 /* Build configuration list for PBXProject "PureData" */ = {
			isa = XCConfigurationList;
			buildConfigurations = (
				ADD5A8472456F8F0006D75A6 /* Debug */,
				ADD5A8482456F8F0006D75A6 /* Release */,
			);
			defaultConfigurationIsVisible = 0;
			defaultConfigurationName = Release;
		};
		ADD5A8492456F8F0006D75A6 /* Build configuration list for PBXNativeTarget "PureData" */ = {
			isa = XCConfigurationList;
			buildConfigurations = (
				ADD5A84A2456F8F0006D75A6 /* Debug */,
				ADD5A84B2456F8F0006D75A6 /* Release */,
			);
			defaultConfigurationIsVisible = 0;
			defaultConfigurationName = Release;
		};
		ADD5A84C2456F8F0006D75A6 /* Build configuration list for PBXNativeTarget "PureDataTests" */ = {
			isa = XCConfigurationList;
			buildConfigurations = (
				ADD5A84D2456F8F0006D75A6 /* Debug */,
				ADD5A84E2456F8F0006D75A6 /* Release */,
			);
			defaultConfigurationIsVisible = 0;
			defaultConfigurationName = Release;
		};
		ADD5A84F2456F8F0006D75A6 /* Build configuration list for PBXNativeTarget "PureDataUITests" */ = {
			isa = XCConfigurationList;
			buildConfigurations = (
				ADD5A8502456F8F0006D75A6 /* Debug */,
				ADD5A8512456F8F0006D75A6 /* Release */,
			);
			defaultConfigurationIsVisible = 0;
			defaultConfigurationName = Release;
		};
/* End XCConfigurationList section */
	};
	rootObject = ADD5A8172456F8ED006D75A6 /* Project object */;
}
